{
  "projects": [
    {
      "projectId": "9aunZZ4t846y1592QqJ7VC",
      "version": "latest",
      "dependencies": {},
      "lang": "ts",
      "fileLocks": [
        {
          "type": "globalVariant",
          "assetId": "av4kQZoKxu4MUO",
          "checksum": "d6bdf22e4386d989490add0f9b285ac5"
        },
        {
          "assetId": "9aunZZ4t846y1592QqJ7VC",
          "type": "projectCss",
          "checksum": "c39c920a82dba5b4ced0993b727c4955"
        },
        {
          "type": "renderModule",
          "assetId": "8uJGPonSAj-MG",
          "checksum": "1974b6a2559f367b623554c7302aa3b0"
        },
        {
          "type": "cssRules",
          "assetId": "8uJGPonSAj-MG",
          "checksum": "1974b6a2559f367b623554c7302aa3b0"
        },
        {
          "type": "renderModule",
          "assetId": "xE5Z1UpKBTiSg",
          "checksum": "92ea41f069a1920b69b99680b130de99"
        },
        {
          "type": "cssRules",
          "assetId": "xE5Z1UpKBTiSg",
          "checksum": "92ea41f069a1920b69b99680b130de99"
        },
        {
          "type": "renderModule",
          "assetId": "5qpfwc0ApNw8V",
          "checksum": "30e8e86cdcee8324da19c7be273db0c9"
        },
        {
          "type": "cssRules",
          "assetId": "5qpfwc0ApNw8V",
          "checksum": "30e8e86cdcee8324da19c7be273db0c9"
        },
        {
          "type": "renderModule",
          "assetId": "ltRi3su6P3_3j",
          "checksum": "6eb28b8a27f86d98bacd8fff81309889"
        },
        {
          "type": "cssRules",
          "assetId": "ltRi3su6P3_3j",
          "checksum": "6eb28b8a27f86d98bacd8fff81309889"
        },
        {
          "type": "renderModule",
          "assetId": "9OL-MM7ld115y",
          "checksum": "3c7109941b703c57d2fec42c31fb7d2f"
        },
        {
          "type": "cssRules",
          "assetId": "9OL-MM7ld115y",
          "checksum": "3c7109941b703c57d2fec42c31fb7d2f"
        },
        {
          "type": "renderModule",
          "assetId": "6DMO7FOqDSSQG",
          "checksum": "bf7e4cd48042c4e843a30debbebbcf7f"
        },
        {
          "type": "cssRules",
          "assetId": "6DMO7FOqDSSQG",
          "checksum": "bf7e4cd48042c4e843a30debbebbcf7f"
        },
        {
          "type": "renderModule",
          "assetId": "5Vj00qjg5RSI4A",
          "checksum": "3e8d0cb7df74605fddfce4ebc64ddd4a"
        },
        {
          "type": "cssRules",
          "assetId": "5Vj00qjg5RSI4A",
          "checksum": "3e8d0cb7df74605fddfce4ebc64ddd4a"
        },
        {
          "type": "renderModule",
          "assetId": "vaj-9rOxoU0Ehi",
          "checksum": "141d74083512e7c072db17ca4495f37a"
        },
        {
          "type": "cssRules",
          "assetId": "vaj-9rOxoU0Ehi",
          "checksum": "141d74083512e7c072db17ca4495f37a"
        },
        {
          "type": "renderModule",
          "assetId": "lEqnajZCdK",
          "checksum": "b651ec11eeee2ef2f1ee8c7362b45798"
        },
        {
          "type": "cssRules",
          "assetId": "lEqnajZCdK",
          "checksum": "b651ec11eeee2ef2f1ee8c7362b45798"
        },
        {
          "type": "renderModule",
          "assetId": "--UNrw1048",
          "checksum": "aec4d544928e5ab8a5de9be27c200c83"
        },
        {
          "type": "cssRules",
          "assetId": "--UNrw1048",
          "checksum": "aec4d544928e5ab8a5de9be27c200c83"
        },
        {
          "type": "renderModule",
          "assetId": "FMLuPOlo1F",
          "checksum": "aad4dfb04bb23256f377c0e25d13a626"
        },
        {
          "type": "cssRules",
          "assetId": "FMLuPOlo1F",
          "checksum": "aad4dfb04bb23256f377c0e25d13a626"
        },
        {
          "type": "renderModule",
          "assetId": "zM3uq0O2ue",
          "checksum": "563da938ad161968b268b8f2b9bd4b03"
        },
        {
          "type": "cssRules",
          "assetId": "zM3uq0O2ue",
          "checksum": "563da938ad161968b268b8f2b9bd4b03"
        },
        {
          "type": "renderModule",
          "assetId": "UXWTBNL_fu",
          "checksum": "aa61d2f5b5d1229f19e63f78c9881b36"
        },
        {
          "type": "cssRules",
          "assetId": "UXWTBNL_fu",
          "checksum": "aa61d2f5b5d1229f19e63f78c9881b36"
        },
        {
          "type": "icon",
          "assetId": "mN1jZXp3Us1XbS",
          "checksum": "816fa73ffd061a009a3fecea81303993"
        },
        {
          "type": "icon",
          "assetId": "nMqfnF4RZnsINk",
          "checksum": "2a3ffd350e9a50090f12dc1c5699c855"
        },
        {
          "type": "icon",
          "assetId": "12_xRSZFMRZwIB",
          "checksum": "7d836f67c75eb100e76a0f13639283e0"
        },
        {
          "type": "icon",
          "assetId": "5i_RbJvVvb6Shw",
          "checksum": "7af18755bfaaa4d5ee1c4c285cb67aec"
        },
        {
          "type": "icon",
          "assetId": "28bwGtWvyOeQ3f",
          "checksum": "386ac4b3ed2d519ed38a87b074abed40"
        },
        {
          "type": "icon",
          "assetId": "u3qTe1C6hBMj-i",
          "checksum": "ea69708467f1972900f7d0243ccec6d3"
        },
        {
          "type": "icon",
          "assetId": "QKUViThzfcCSar",
          "checksum": "5fc174e846c7284cfa4459f7400144b0"
        },
        {
          "type": "image",
          "assetId": "3iBjqcG-AxdUfG",
          "checksum": "4c9bc43a23805291fd2385e73a2e2499"
        },
        {
          "type": "image",
          "assetId": "a9v3bZW8_8UNMP",
          "checksum": "a35a7b4465b0861ddca69f5635228cf1"
        },
        {
          "type": "image",
          "assetId": "i0-fUP2xFRJQdk",
          "checksum": "02c93912c878fec81ceabc2124d65268"
        },
        {
          "type": "image",
          "assetId": "wRI_lVtvKt_x73",
          "checksum": "84a16e836161bcfa004dd936a884cf9c"
        },
        {
          "type": "image",
          "assetId": "BKxLjpZhuw4eTv",
          "checksum": "0e3c21a270420ea4c6c7cf9edf0b2db0"
        },
        {
          "type": "image",
          "assetId": "n7MoxqZx6VEbJy",
          "checksum": "cae699aaac041e368ca90fcfd4a08250"
        },
        {
          "type": "image",
          "assetId": "FzKPqe_zPQH9BQ",
          "checksum": "07cb180d2e643beffc63a9124859ee00"
        },
        {
          "type": "image",
          "assetId": "uy2w45p1P9RkKF",
          "checksum": "0bc8cbec341934b89954264d81f2ebf0"
        },
        {
          "type": "image",
          "assetId": "wVo3ppNWxbhVE-",
          "checksum": "9fcac09f87b6d3fcd6df3cb8e5140886"
        },
        {
          "type": "image",
          "assetId": "2H9DeSnNvjKWtj",
          "checksum": "0446ff5883b5a8ae2d735d4d0fac7699"
        },
        {
          "type": "image",
          "assetId": "mwo8Yy8u1jMKfs",
          "checksum": "7c7af553aead57a87bba33a296ba4408"
        },
        {
          "type": "image",
          "assetId": "fAdtsTX8tkVI_q",
          "checksum": "a5c53330432165a3b83c3fd41770ba28"
        },
        {
          "type": "image",
          "assetId": "mO--C92NlJfQz0",
          "checksum": "fb250cbf3728cce2bea8798a210a4aeb"
        },
        {
          "type": "image",
          "assetId": "hCC44Yepoq19g3",
          "checksum": "32d05ab6bbf70512c5bcf4ad554c6b86"
        },
        {
          "type": "image",
          "assetId": "Og46oE4l90KCnh",
          "checksum": "dab415bf623c2aec226b21632b0aebf3"
        },
        {
          "type": "image",
          "assetId": "0EIgx7s6zcYgcx",
          "checksum": "52da505e46ea80ee924ffa85130553de"
        },
        {
          "type": "image",
          "assetId": "wjPtMEASlLXpwU",
          "checksum": "6e31aa80285c5ea31447daf382653188"
        },
        {
          "type": "image",
          "assetId": "3t9iuKD-AVVqVO",
          "checksum": "6dd7f981d8ded61539250e85396c0fa5"
        },
        {
          "type": "image",
          "assetId": "xt0wFrbnk5fsLz",
          "checksum": "49352a217f147e895fc1c51ee50fac14"
        },
        {
          "type": "image",
          "assetId": "phyVvO7Z964751",
          "checksum": "aabf4e416eba56d4832f01db8aac9105"
        },
        {
          "type": "image",
          "assetId": "QibU55y7ns6m2j",
          "checksum": "78932eca2bed48b03d4aeff37fc79a91"
        },
        {
          "type": "image",
          "assetId": "8RzPQB-Tfu3gHJ",
          "checksum": "cc5bdbdf47be65cd061c90f706e57fd5"
        },
        {
          "type": "image",
          "assetId": "a4sMjlbbYCs0AP",
          "checksum": "cbea49df1b283ca106da83cbb4730ed4"
        },
        {
          "type": "image",
          "assetId": "9P0cfo7fgnDvgS",
          "checksum": "5e8840b1214bb696d53aef4b43b6f097"
        },
        {
          "type": "image",
          "assetId": "wFTza9kLx51ccF",
          "checksum": "995d394eb7c9d0f7089a360db8592002"
        },
        {
          "type": "image",
          "assetId": "2eH66hfFPtX9rJ",
          "checksum": "11cc5a8863b8f8b159a789497e6cf501"
        },
        {
          "type": "image",
          "assetId": "HwjaLZIUfcw3du",
          "checksum": "2970e60ffd9779febf9bce005e6e383d"
        },
        {
          "type": "image",
          "assetId": "woWuiEMOp",
          "checksum": "cc8832f4db60653946dd452be5ff6cb5"
        },
        {
          "type": "image",
          "assetId": "F1e81P3RQ",
          "checksum": "0ab31504bb12f98848346bd6547bf42c"
        },
        {
          "type": "image",
          "assetId": "xO3sIbcjD",
          "checksum": "e312caae3d31645aba84d87b86c91b61"
        },
        {
          "type": "image",
          "assetId": "wV6v_jqpC",
          "checksum": "e5ce1a01f7420b1785ca7b9229013c87"
        },
        {
          "type": "image",
          "assetId": "NPpymkW4z",
          "checksum": "6b762e16781aec65841bfb63a0a2c438"
        },
        {
          "type": "image",
          "assetId": "0FwxqvqoS",
          "checksum": "d50d274abb41d08f0eed57e240019c9a"
        },
        {
          "type": "image",
          "assetId": "rpzVykdSH",
          "checksum": "9f13fea9b14544981c57283e3f4f9ae2"
        },
        {
          "type": "image",
          "assetId": "MKSv48Npb",
          "checksum": "58372fe5e89faf509f12d7d3d9d3d46e"
        },
        {
          "type": "image",
          "assetId": "ecLxApQsG",
          "checksum": "18e70d738e4b4c3c2dbffdeb5b8a84f9"
        },
        {
          "type": "image",
          "assetId": "L9mpJn6zP",
          "checksum": "ed65b597e579a1e519d1d693fb4edee4"
        },
        {
          "type": "image",
          "assetId": "M4Wmr65tz",
          "checksum": "fd94f91e6c74ded1982686f38d1a62df"
        },
        {
          "type": "image",
          "assetId": "8hG4VRTX3",
          "checksum": "03d023791d82c2c003fcf3db583a40b3"
        },
        {
          "type": "image",
          "assetId": "niM1hLBhA",
          "checksum": "397804f687463e459305da9d531d43e5"
        },
        {
          "type": "image",
          "assetId": "mJ9sa5A5u",
          "checksum": "23facc33a3d3677e124b9cc55632c746"
        },
        {
          "type": "image",
          "assetId": "vuy--wk7E",
          "checksum": "1094e8648aea3027e22ff9f6c206ac64"
        },
        {
          "type": "image",
          "assetId": "UGriG6VA_",
          "checksum": "155eccf0e59369b24fa58787be710e1a"
        },
        {
          "type": "image",
          "assetId": "lezh4m-7O",
          "checksum": "f584bcff43769effcc812f1ba2affe78"
        },
        {
          "type": "image",
          "assetId": "Zg-aYkuMg",
          "checksum": "514c76d2325c05685add2523094c2b8c"
        },
        {
          "type": "image",
          "assetId": "8620pq4z2",
          "checksum": "0dd59dfb00d737576cf5abb09952cdc2"
        },
        {
          "type": "image",
          "assetId": "2taxBNI3p",
          "checksum": "f161cbbfd2ab3841a0b0a5ae012f4cbe"
        },
        {
          "type": "image",
          "assetId": "W4rNDYHsF",
          "checksum": "d806810f2edf5baa827b0e669c77f920"
        },
        {
          "type": "image",
          "assetId": "u58d0cBHZ",
          "checksum": "d3288103750f234f4aee01b24e1de48c"
        },
        {
          "type": "image",
          "assetId": "t4UIJrVDQ",
          "checksum": "d23a1bc53aebfbf29fb2902fe027b896"
        },
        {
          "type": "image",
          "assetId": "TdLVi83Pn",
          "checksum": "f652544a8454b68d16a752433cc5099d"
        },
        {
          "type": "image",
          "assetId": "LnWsj5BQL",
          "checksum": "df7247f31d74f934431349f403991cc3"
        },
        {
          "type": "image",
          "assetId": "T9cfdqL0t",
          "checksum": "350d038a792e4770342eb0ded5c6a229"
        },
        {
          "type": "image",
          "assetId": "7zQI-tXbI",
          "checksum": "d50d0419f041ca15633cfcd9252ec28e"
        },
        {
          "type": "image",
          "assetId": "THx4uHg_0",
          "checksum": "f2d3f91f1c0a0adfb70e3c31918cf283"
        },
        {
          "type": "image",
          "assetId": "VD8e6cQ8I",
          "checksum": "ac8e111849f660fafca9ca35e3632cf1"
        },
        {
          "type": "image",
          "assetId": "0qgYtcCx7",
          "checksum": "e657f4b9bff5231aa1fc4ea8a9b06f3b"
        },
        {
          "type": "image",
          "assetId": "Y4dhhMWvm",
          "checksum": "da9ea5215f5e4d4b965f52d01108d682"
        }
      ],
      "codegenVersion": "0.0.1"
    }
  ],
  "cliVersion": "0.1.184"
}
